<?xml version="1.0" encoding="utf-8"?>
<Project ToolsVersion="4.0" xmlns="http://schemas.microsoft.com/developer/msbuild/2003">
  <ItemGroup>
    <Filter Include="ソース ファイル">
      <UniqueIdentifier>{4FC737F1-C7A5-4376-A066-2A32D752A2FF}</UniqueIdentifier>
      <Extensions>cpp;c;cc;cxx;def;odl;idl;hpj;bat;asm;asmx</Extensions>
    </Filter>
    <Filter Include="ヘッダー ファイル">
      <UniqueIdentifier>{93995380-89BD-4b04-88EB-625FBE52EBFB}</UniqueIdentifier>
      <Extensions>h;hh;hpp;hxx;hm;inl;inc;xsd</Extensions>
    </Filter>
    <Filter Include="リソース ファイル">
      <UniqueIdentifier>{67DA6AB6-F800-4c08-8B7A-83BB121AAD01}</UniqueIdentifier>
      <Extensions>rc;ico;cur;bmp;dlg;rc2;rct;bin;rgs;gif;jpg;jpeg;jpe;resx;tiff;tif;png;wav;mfcribbon-ms</Extensions>
    </Filter>
    <Filter Include="ソース ファイル\Source">
      <UniqueIdentifier>{957af3a4-d378-487a-b762-9b2d0cc0150e}</UniqueIdentifier>
    </Filter>
  </ItemGroup>
  <ItemGroup>
    <ClInclude Include="stdafx.h">
      <Filter>ヘッダー ファイル</Filter>
    </ClInclude>
    <ClInclude Include="targetver.h">
      <Filter>ヘッダー ファイル</Filter>
    </ClInclude>
    <ClInclude Include="..\形状処理_v2\EPS.h">
      <Filter>ヘッダー ファイル</Filter>
    </ClInclude>
    <ClInclude Include="..\形状処理_v2\Reader.h">
      <Filter>ヘッダー ファイル</Filter>
    </ClInclude>
    <ClInclude Include="..\形状処理_v2\Axis.h">
      <Filter>ヘッダー ファイル</Filter>
    </ClInclude>
    <ClInclude Include="..\形状処理_v2\Background.h">
      <Filter>ヘッダー ファイル</Filter>
    </ClInclude>
    <ClInclude Include="..\形状処理_v2\BezierCurve.h">
      <Filter>ヘッダー ファイル</Filter>
    </ClInclude>
    <ClInclude Include="..\形状処理_v2\BezierSurface.h">
      <Filter>ヘッダー ファイル</Filter>
    </ClInclude>
    <ClInclude Include="..\形状処理_v2\Box.h">
      <Filter>ヘッダー ファイル</Filter>
    </ClInclude>
    <ClInclude Include="..\形状処理_v2\BsplineCurve.h">
      <Filter>ヘッダー ファイル</Filter>
    </ClInclude>
    <ClInclude Include="..\形状処理_v2\BsplineSurface.h">
      <Filter>ヘッダー ファイル</Filter>
    </ClInclude>
    <ClInclude Include="..\形状処理_v2\Callback.h">
      <Filter>ヘッダー ファイル</Filter>
    </ClInclude>
    <ClInclude Include="..\形状処理_v2\Camera.h">
      <Filter>ヘッダー ファイル</Filter>
    </ClInclude>
    <ClInclude Include="..\形状処理_v2\Color.h">
      <Filter>ヘッダー ファイル</Filter>
    </ClInclude>
    <ClInclude Include="..\形状処理_v2\ControlPoint.h">
      <Filter>ヘッダー ファイル</Filter>
    </ClInclude>
    <ClInclude Include="..\形状処理_v2\Curve.h">
      <Filter>ヘッダー ファイル</Filter>
    </ClInclude>
    <ClInclude Include="..\形状処理_v2\define.h">
      <Filter>ヘッダー ファイル</Filter>
    </ClInclude>
    <ClInclude Include="..\形状処理_v2\Error.h">
      <Filter>ヘッダー ファイル</Filter>
    </ClInclude>
    <ClInclude Include="..\形状処理_v2\function.h">
      <Filter>ヘッダー ファイル</Filter>
    </ClInclude>
    <ClInclude Include="..\形状処理_v2\GeoGrid.h">
      <Filter>ヘッダー ファイル</Filter>
    </ClInclude>
    <ClInclude Include="..\形状処理_v2\GV.h">
      <Filter>ヘッダー ファイル</Filter>
    </ClInclude>
    <ClInclude Include="..\形状処理_v2\Light.h">
      <Filter>ヘッダー ファイル</Filter>
    </ClInclude>
    <ClInclude Include="..\形状処理_v2\LookAt.h">
      <Filter>ヘッダー ファイル</Filter>
    </ClInclude>
    <ClInclude Include="..\形状処理_v2\Matrix.h">
      <Filter>ヘッダー ファイル</Filter>
    </ClInclude>
    <ClInclude Include="..\形状処理_v2\Matrix3d.h">
      <Filter>ヘッダー ファイル</Filter>
    </ClInclude>
    <ClInclude Include="..\形状処理_v2\Model.h">
      <Filter>ヘッダー ファイル</Filter>
    </ClInclude>
    <ClInclude Include="..\形状処理_v2\NurbsCurve.h">
      <Filter>ヘッダー ファイル</Filter>
    </ClInclude>
    <ClInclude Include="..\形状処理_v2\NurbsSurface.h">
      <Filter>ヘッダー ファイル</Filter>
    </ClInclude>
    <ClInclude Include="..\形状処理_v2\Object.h">
      <Filter>ヘッダー ファイル</Filter>
    </ClInclude>
    <ClInclude Include="..\形状処理_v2\Ortho.h">
      <Filter>ヘッダー ファイル</Filter>
    </ClInclude>
    <ClInclude Include="..\形状処理_v2\Picking.h">
      <Filter>ヘッダー ファイル</Filter>
    </ClInclude>
    <ClInclude Include="..\形状処理_v2\Point3d.h">
      <Filter>ヘッダー ファイル</Filter>
    </ClInclude>
    <ClInclude Include="..\形状処理_v2\Quaternion.h">
      <Filter>ヘッダー ファイル</Filter>
    </ClInclude>
    <ClInclude Include="..\形状処理_v2\Scene.h">
      <Filter>ヘッダー ファイル</Filter>
    </ClInclude>
    <ClInclude Include="..\形状処理_v2\struct.h">
      <Filter>ヘッダー ファイル</Filter>
    </ClInclude>
    <ClInclude Include="..\形状処理_v2\Surface.h">
      <Filter>ヘッダー ファイル</Filter>
    </ClInclude>
    <ClInclude Include="..\形状処理_v2\template.h">
      <Filter>ヘッダー ファイル</Filter>
    </ClInclude>
    <ClInclude Include="..\形状処理_v2\Test.h">
      <Filter>ヘッダー ファイル</Filter>
    </ClInclude>
    <ClInclude Include="..\形状処理_v2\Triangle.h">
      <Filter>ヘッダー ファイル</Filter>
    </ClInclude>
    <ClInclude Include="..\形状処理_v2\Vector.h">
      <Filter>ヘッダー ファイル</Filter>
    </ClInclude>
  </ItemGroup>
  <ItemGroup>
    <ClCompile Include="stdafx.cpp">
      <Filter>ソース ファイル</Filter>
    </ClCompile>
    <ClCompile Include="..\形状処理_v2\EPS.cpp">
      <Filter>ソース ファイル\Source</Filter>
    </ClCompile>
    <ClCompile Include="..\形状処理_v2\Reader.cpp">
      <Filter>ソース ファイル\Source</Filter>
    </ClCompile>
    <ClCompile Include="..\形状処理_v2\Axis.cpp">
      <Filter>ソース ファイル\Source</Filter>
    </ClCompile>
    <ClCompile Include="..\形状処理_v2\BezierCurve.cpp">
      <Filter>ソース ファイル\Source</Filter>
    </ClCompile>
    <ClCompile Include="..\形状処理_v2\BezierSurface.cpp">
      <Filter>ソース ファイル\Source</Filter>
    </ClCompile>
    <ClCompile Include="..\形状処理_v2\BsplineCurve.cpp">
      <Filter>ソース ファイル\Source</Filter>
    </ClCompile>
    <ClCompile Include="..\形状処理_v2\BsplineSurface.cpp">
      <Filter>ソース ファイル\Source</Filter>
    </ClCompile>
    <ClCompile Include="..\形状処理_v2\CalcUtil.cpp">
      <Filter>ソース ファイル\Source</Filter>
    </ClCompile>
    <ClCompile Include="..\形状処理_v2\Color.cpp">
      <Filter>ソース ファイル\Source</Filter>
    </ClCompile>
    <ClCompile Include="..\形状処理_v2\Curve.cpp">
      <Filter>ソース ファイル\Source</Filter>
    </ClCompile>
    <ClCompile Include="..\形状処理_v2\Display.cpp">
      <Filter>ソース ファイル\Source</Filter>
    </ClCompile>
    <ClCompile Include="..\形状処理_v2\DrawUtil.cpp">
      <Filter>ソース ファイル\Source</Filter>
    </ClCompile>
    <ClCompile Include="..\形状処理_v2\Initialize.cpp">
      <Filter>ソース ファイル\Source</Filter>
    </ClCompile>
    <ClCompile Include="..\形状処理_v2\Keyboard.cpp">
      <Filter>ソース ファイル\Source</Filter>
    </ClCompile>
    <ClCompile Include="..\形状処理_v2\Main.cpp">
      <Filter>ソース ファイル\Source</Filter>
    </ClCompile>
    <ClCompile Include="..\形状処理_v2\Mouse.cpp">
      <Filter>ソース ファイル\Source</Filter>
    </ClCompile>
    <ClCompile Include="..\形状処理_v2\NurbsCurve.cpp">
      <Filter>ソース ファイル\Source</Filter>
    </ClCompile>
    <ClCompile Include="..\形状処理_v2\NurbsPrimitive.cpp">
      <Filter>ソース ファイル\Source</Filter>
    </ClCompile>
    <ClCompile Include="..\形状処理_v2\NurbsSurface.cpp">
      <Filter>ソース ファイル\Source</Filter>
    </ClCompile>
    <ClCompile Include="..\形状処理_v2\Picking.cpp">
      <Filter>ソース ファイル\Source</Filter>
    </ClCompile>
    <ClCompile Include="..\形状処理_v2\Quaternion.cpp">
      <Filter>ソース ファイル\Source</Filter>
    </ClCompile>
    <ClCompile Include="..\形状処理_v2\Resize.cpp">
      <Filter>ソース ファイル\Source</Filter>
    </ClCompile>
    <ClCompile Include="..\形状処理_v2\Scene.cpp">
      <Filter>ソース ファイル\Source</Filter>
    </ClCompile>
    <ClCompile Include="..\形状処理_v2\Surface.cpp">
      <Filter>ソース ファイル\Source</Filter>
    </ClCompile>
    <ClCompile Include="..\形状処理_v2\Test.cpp">
      <Filter>ソース ファイル\Source</Filter>
    </ClCompile>
    <ClCompile Include="CurveTest.cpp">
      <Filter>ソース ファイル</Filter>
    </ClCompile>
    <ClCompile Include="CalcTest.cpp">
      <Filter>ソース ファイル</Filter>
    </ClCompile>
    <ClCompile Include="..\形状処理_v2\glUtil.cpp">
      <Filter>ソース ファイル\Source</Filter>
    </ClCompile>
  </ItemGroup>
  <ItemGroup>
    <None Include="packages.config" />
  </ItemGroup>
</Project>